// !$*UTF8*$!
{
	archiveVersion = 1;
	classes = {
	};
	objectVersion = 56;
	objects = {

/* Begin PBXBuildFile section */
		A15119422C353F250069DF73 /* gestureView.swift in Sources */ = {isa = PBXBuildFile; fileRef = A15119412C353F250069DF73 /* gestureView.swift */; };
		A15119442C3549F30069DF73 /* DraggableView.swift in Sources */ = {isa = PBXBuildFile; fileRef = A15119432C3549F30069DF73 /* DraggableView.swift */; };
		A15119462C354A120069DF73 /* DraggableState.swift in Sources */ = {isa = PBXBuildFile; fileRef = A15119452C354A120069DF73 /* DraggableState.swift */; };
		A15119482C354CCE0069DF73 /* ScalableView.swift in Sources */ = {isa = PBXBuildFile; fileRef = A15119472C354CCE0069DF73 /* ScalableView.swift */; };
		A151194B2C354E330069DF73 /* BasicBottomSheet.swift in Sources */ = {isa = PBXBuildFile; fileRef = A151194A2C354E330069DF73 /* BasicBottomSheet.swift */; };
		A151194D2C3554A20069DF73 /* RestaurantDetailView.swift in Sources */ = {isa = PBXBuildFile; fileRef = A151194C2C3554A20069DF73 /* RestaurantDetailView.swift */; };
		A17B2F782C004E540073A226 /* PaintShapeView.swift in Sources */ = {isa = PBXBuildFile; fileRef = A17B2F772C004E540073A226 /* PaintShapeView.swift */; };
		A17B2F7B2C0091A00073A226 /* AnimationView.swift in Sources */ = {isa = PBXBuildFile; fileRef = A17B2F7A2C0091A00073A226 /* AnimationView.swift */; };
		A17B2F7E2C0097DF0073A226 /* ListView.swift in Sources */ = {isa = PBXBuildFile; fileRef = A17B2F7D2C0097DF0073A226 /* ListView.swift */; };
		A1A4625E2C05A30C00F28E08 /* Restaurant.swift in Sources */ = {isa = PBXBuildFile; fileRef = A1A4625D2C05A30C00F28E08 /* Restaurant.swift */; };
		A1BB6AE32C0B90910005ED1B /* NavigationView.swift in Sources */ = {isa = PBXBuildFile; fileRef = A1BB6AE22C0B90910005ED1B /* NavigationView.swift */; };
		A1BB6AE62C0CCD730005ED1B /* ArticleDetailView.swift in Sources */ = {isa = PBXBuildFile; fileRef = A1BB6AE52C0CCD730005ED1B /* ArticleDetailView.swift */; };
		A1BB6AE82C0CCECD0005ED1B /* Article.swift in Sources */ = {isa = PBXBuildFile; fileRef = A1BB6AE72C0CCECD0005ED1B /* Article.swift */; };
		A1BECA2A2C1BFF1300EA544E /* contentView.swift in Sources */ = {isa = PBXBuildFile; fileRef = A1BECA292C1BFF1300EA544E /* contentView.swift */; };
		A1BECA2C2C1BFFE100EA544E /* ArticleDetailsView.swift in Sources */ = {isa = PBXBuildFile; fileRef = A1BECA2B2C1BFFE100EA544E /* ArticleDetailsView.swift */; };
		A1BECA2F2C1DEC3900EA544E /* ArticleDetailViewSheet.swift in Sources */ = {isa = PBXBuildFile; fileRef = A1BECA2E2C1DEC3900EA544E /* ArticleDetailViewSheet.swift */; };
		A1BECA312C1DEC5400EA544E /* SheetView.swift in Sources */ = {isa = PBXBuildFile; fileRef = A1BECA302C1DEC5400EA544E /* SheetView.swift */; };
		A1BECA362C1DEF3F00EA544E /* SettingView.swift in Sources */ = {isa = PBXBuildFile; fileRef = A1BECA352C1DEF3F00EA544E /* SettingView.swift */; };
		A1BECA382C1DF87500EA544E /* ContentViewFood.swift in Sources */ = {isa = PBXBuildFile; fileRef = A1BECA372C1DF87500EA544E /* ContentViewFood.swift */; };
		A1BECA3A2C1ED87800EA544E /* SettingStore.swift in Sources */ = {isa = PBXBuildFile; fileRef = A1BECA392C1ED87800EA544E /* SettingStore.swift */; };
		A1BECA3F2C21450500EA544E /* RegisterFormView.swift in Sources */ = {isa = PBXBuildFile; fileRef = A1BECA3E2C21450500EA544E /* RegisterFormView.swift */; };
		A1BECA412C214FBC00EA544E /* UserRegistrationViewModel.swift in Sources */ = {isa = PBXBuildFile; fileRef = A1BECA402C214FBC00EA544E /* UserRegistrationViewModel.swift */; };
		A1BECA442C23E7F800EA544E /* SheetActionView.swift in Sources */ = {isa = PBXBuildFile; fileRef = A1BECA432C23E7F800EA544E /* SheetActionView.swift */; };
		A1E3F5D22BFB0A4F00528FEA /* StudySwiftUIApp.swift in Sources */ = {isa = PBXBuildFile; fileRef = A1E3F5D12BFB0A4F00528FEA /* StudySwiftUIApp.swift */; };
		A1E3F5D42BFB0A4F00528FEA /* TextView.swift in Sources */ = {isa = PBXBuildFile; fileRef = A1E3F5D32BFB0A4F00528FEA /* TextView.swift */; };
		A1E3F5D62BFB0A5100528FEA /* Assets.xcassets in Resources */ = {isa = PBXBuildFile; fileRef = A1E3F5D52BFB0A5100528FEA /* Assets.xcassets */; };
		A1E3F5D92BFB0A5100528FEA /* Preview Assets.xcassets in Resources */ = {isa = PBXBuildFile; fileRef = A1E3F5D82BFB0A5100528FEA /* Preview Assets.xcassets */; };
		A1E3F5E32BFB0A5200528FEA /* StudySwiftUITests.swift in Sources */ = {isa = PBXBuildFile; fileRef = A1E3F5E22BFB0A5200528FEA /* StudySwiftUITests.swift */; };
		A1E3F5ED2BFB0A5200528FEA /* StudySwiftUIUITests.swift in Sources */ = {isa = PBXBuildFile; fileRef = A1E3F5EC2BFB0A5200528FEA /* StudySwiftUIUITests.swift */; };
		A1E3F5EF2BFB0A5200528FEA /* StudySwiftUIUITestsLaunchTests.swift in Sources */ = {isa = PBXBuildFile; fileRef = A1E3F5EE2BFB0A5200528FEA /* StudySwiftUIUITestsLaunchTests.swift */; };
		A1E3F5FC2BFC91FE00528FEA /* StackView.swift in Sources */ = {isa = PBXBuildFile; fileRef = A1E3F5FB2BFC91FE00528FEA /* StackView.swift */; };
		A1E3F5FE2BFD98DA00528FEA /* CardView.swift in Sources */ = {isa = PBXBuildFile; fileRef = A1E3F5FD2BFD98DA00528FEA /* CardView.swift */; };
		A1E3F6002BFD9F4400528FEA /* ContentView.swift in Sources */ = {isa = PBXBuildFile; fileRef = A1E3F5FF2BFD9F4400528FEA /* ContentView.swift */; };
		A1E3F6062BFDAD1000528FEA /* studyButtonView.swift in Sources */ = {isa = PBXBuildFile; fileRef = A1E3F6052BFDAD1000528FEA /* studyButtonView.swift */; };
		A1E3F6092BFDBB0D00528FEA /* SwiftUIStateView.swift in Sources */ = {isa = PBXBuildFile; fileRef = A1E3F6082BFDBB0D00528FEA /* SwiftUIStateView.swift */; };
/* End PBXBuildFile section */

/* Begin PBXContainerItemProxy section */
		A1E3F5DF2BFB0A5200528FEA /* PBXContainerItemProxy */ = {
			isa = PBXContainerItemProxy;
			containerPortal = A1E3F5C62BFB0A4E00528FEA /* Project object */;
			proxyType = 1;
			remoteGlobalIDString = A1E3F5CD2BFB0A4E00528FEA;
			remoteInfo = StudySwiftUI;
		};
		A1E3F5E92BFB0A5200528FEA /* PBXContainerItemProxy */ = {
			isa = PBXContainerItemProxy;
			containerPortal = A1E3F5C62BFB0A4E00528FEA /* Project object */;
			proxyType = 1;
			remoteGlobalIDString = A1E3F5CD2BFB0A4E00528FEA;
			remoteInfo = StudySwiftUI;
		};
/* End PBXContainerItemProxy section */

/* Begin PBXFileReference section */
		A15119412C353F250069DF73 /* gestureView.swift */ = {isa = PBXFileReference; lastKnownFileType = sourcecode.swift; path = gestureView.swift; sourceTree = "<group>"; };
		A15119432C3549F30069DF73 /* DraggableView.swift */ = {isa = PBXFileReference; lastKnownFileType = sourcecode.swift; path = DraggableView.swift; sourceTree = "<group>"; };
		A15119452C354A120069DF73 /* DraggableState.swift */ = {isa = PBXFileReference; lastKnownFileType = sourcecode.swift; path = DraggableState.swift; sourceTree = "<group>"; };
		A15119472C354CCE0069DF73 /* ScalableView.swift */ = {isa = PBXFileReference; lastKnownFileType = sourcecode.swift; path = ScalableView.swift; sourceTree = "<group>"; };
		A151194A2C354E330069DF73 /* BasicBottomSheet.swift */ = {isa = PBXFileReference; lastKnownFileType = sourcecode.swift; path = BasicBottomSheet.swift; sourceTree = "<group>"; };
		A151194C2C3554A20069DF73 /* RestaurantDetailView.swift */ = {isa = PBXFileReference; lastKnownFileType = sourcecode.swift; path = RestaurantDetailView.swift; sourceTree = "<group>"; };
		A17B2F772C004E540073A226 /* PaintShapeView.swift */ = {isa = PBXFileReference; lastKnownFileType = sourcecode.swift; path = PaintShapeView.swift; sourceTree = "<group>"; };
		A17B2F7A2C0091A00073A226 /* AnimationView.swift */ = {isa = PBXFileReference; lastKnownFileType = sourcecode.swift; path = AnimationView.swift; sourceTree = "<group>"; };
		A17B2F7D2C0097DF0073A226 /* ListView.swift */ = {isa = PBXFileReference; lastKnownFileType = sourcecode.swift; path = ListView.swift; sourceTree = "<group>"; };
		A1A4625D2C05A30C00F28E08 /* Restaurant.swift */ = {isa = PBXFileReference; lastKnownFileType = sourcecode.swift; path = Restaurant.swift; sourceTree = "<group>"; };
		A1BB6AE22C0B90910005ED1B /* NavigationView.swift */ = {isa = PBXFileReference; lastKnownFileType = sourcecode.swift; path = NavigationView.swift; sourceTree = "<group>"; };
		A1BB6AE52C0CCD730005ED1B /* ArticleDetailView.swift */ = {isa = PBXFileReference; lastKnownFileType = sourcecode.swift; path = ArticleDetailView.swift; sourceTree = "<group>"; };
		A1BB6AE72C0CCECD0005ED1B /* Article.swift */ = {isa = PBXFileReference; fileEncoding = 4; lastKnownFileType = sourcecode.swift; path = Article.swift; sourceTree = "<group>"; };
		A1BECA292C1BFF1300EA544E /* contentView.swift */ = {isa = PBXFileReference; lastKnownFileType = sourcecode.swift; path = contentView.swift; sourceTree = "<group>"; };
		A1BECA2B2C1BFFE100EA544E /* ArticleDetailsView.swift */ = {isa = PBXFileReference; lastKnownFileType = sourcecode.swift; path = ArticleDetailsView.swift; sourceTree = "<group>"; };
		A1BECA2E2C1DEC3900EA544E /* ArticleDetailViewSheet.swift */ = {isa = PBXFileReference; fileEncoding = 4; lastKnownFileType = sourcecode.swift; path = ArticleDetailViewSheet.swift; sourceTree = "<group>"; };
		A1BECA302C1DEC5400EA544E /* SheetView.swift */ = {isa = PBXFileReference; lastKnownFileType = sourcecode.swift; path = SheetView.swift; sourceTree = "<group>"; };
		A1BECA352C1DEF3F00EA544E /* SettingView.swift */ = {isa = PBXFileReference; lastKnownFileType = sourcecode.swift; path = SettingView.swift; sourceTree = "<group>"; };
		A1BECA372C1DF87500EA544E /* ContentViewFood.swift */ = {isa = PBXFileReference; lastKnownFileType = sourcecode.swift; path = ContentViewFood.swift; sourceTree = "<group>"; };
		A1BECA392C1ED87800EA544E /* SettingStore.swift */ = {isa = PBXFileReference; lastKnownFileType = sourcecode.swift; path = SettingStore.swift; sourceTree = "<group>"; };
		A1BECA3E2C21450500EA544E /* RegisterFormView.swift */ = {isa = PBXFileReference; lastKnownFileType = sourcecode.swift; path = RegisterFormView.swift; sourceTree = "<group>"; };
		A1BECA402C214FBC00EA544E /* UserRegistrationViewModel.swift */ = {isa = PBXFileReference; lastKnownFileType = sourcecode.swift; path = UserRegistrationViewModel.swift; sourceTree = "<group>"; };
		A1BECA432C23E7F800EA544E /* SheetActionView.swift */ = {isa = PBXFileReference; lastKnownFileType = sourcecode.swift; path = SheetActionView.swift; sourceTree = "<group>"; };
		A1E3F5CE2BFB0A4F00528FEA /* StudySwiftUI.app */ = {isa = PBXFileReference; explicitFileType = wrapper.application; includeInIndex = 0; path = StudySwiftUI.app; sourceTree = BUILT_PRODUCTS_DIR; };
		A1E3F5D12BFB0A4F00528FEA /* StudySwiftUIApp.swift */ = {isa = PBXFileReference; lastKnownFileType = sourcecode.swift; path = StudySwiftUIApp.swift; sourceTree = "<group>"; };
		A1E3F5D32BFB0A4F00528FEA /* TextView.swift */ = {isa = PBXFileReference; lastKnownFileType = sourcecode.swift; path = TextView.swift; sourceTree = "<group>"; };
		A1E3F5D52BFB0A5100528FEA /* Assets.xcassets */ = {isa = PBXFileReference; lastKnownFileType = folder.assetcatalog; path = Assets.xcassets; sourceTree = "<group>"; };
		A1E3F5D82BFB0A5100528FEA /* Preview Assets.xcassets */ = {isa = PBXFileReference; lastKnownFileType = folder.assetcatalog; path = "Preview Assets.xcassets"; sourceTree = "<group>"; };
		A1E3F5DE2BFB0A5200528FEA /* StudySwiftUITests.xctest */ = {isa = PBXFileReference; explicitFileType = wrapper.cfbundle; includeInIndex = 0; path = StudySwiftUITests.xctest; sourceTree = BUILT_PRODUCTS_DIR; };
		A1E3F5E22BFB0A5200528FEA /* StudySwiftUITests.swift */ = {isa = PBXFileReference; lastKnownFileType = sourcecode.swift; path = StudySwiftUITests.swift; sourceTree = "<group>"; };
		A1E3F5E82BFB0A5200528FEA /* StudySwiftUIUITests.xctest */ = {isa = PBXFileReference; explicitFileType = wrapper.cfbundle; includeInIndex = 0; path = StudySwiftUIUITests.xctest; sourceTree = BUILT_PRODUCTS_DIR; };
		A1E3F5EC2BFB0A5200528FEA /* StudySwiftUIUITests.swift */ = {isa = PBXFileReference; lastKnownFileType = sourcecode.swift; path = StudySwiftUIUITests.swift; sourceTree = "<group>"; };
		A1E3F5EE2BFB0A5200528FEA /* StudySwiftUIUITestsLaunchTests.swift */ = {isa = PBXFileReference; lastKnownFileType = sourcecode.swift; path = StudySwiftUIUITestsLaunchTests.swift; sourceTree = "<group>"; };
		A1E3F5FB2BFC91FE00528FEA /* StackView.swift */ = {isa = PBXFileReference; lastKnownFileType = sourcecode.swift; path = StackView.swift; sourceTree = "<group>"; };
		A1E3F5FD2BFD98DA00528FEA /* CardView.swift */ = {isa = PBXFileReference; lastKnownFileType = sourcecode.swift; path = CardView.swift; sourceTree = "<group>"; };
		A1E3F5FF2BFD9F4400528FEA /* ContentView.swift */ = {isa = PBXFileReference; lastKnownFileType = sourcecode.swift; path = ContentView.swift; sourceTree = "<group>"; };
		A1E3F6052BFDAD1000528FEA /* studyButtonView.swift */ = {isa = PBXFileReference; lastKnownFileType = sourcecode.swift; path = studyButtonView.swift; sourceTree = "<group>"; };
		A1E3F6082BFDBB0D00528FEA /* SwiftUIStateView.swift */ = {isa = PBXFileReference; lastKnownFileType = sourcecode.swift; path = SwiftUIStateView.swift; sourceTree = "<group>"; };
/* End PBXFileReference section */

/* Begin PBXFrameworksBuildPhase section */
		A1E3F5CB2BFB0A4E00528FEA /* Frameworks */ = {
			isa = PBXFrameworksBuildPhase;
			buildActionMask = 2147483647;
			files = (
			);
			runOnlyForDeploymentPostprocessing = 0;
		};
		A1E3F5DB2BFB0A5200528FEA /* Frameworks */ = {
			isa = PBXFrameworksBuildPhase;
			buildActionMask = 2147483647;
			files = (
			);
			runOnlyForDeploymentPostprocessing = 0;
		};
		A1E3F5E52BFB0A5200528FEA /* Frameworks */ = {
			isa = PBXFrameworksBuildPhase;
			buildActionMask = 2147483647;
			files = (
			);
			runOnlyForDeploymentPostprocessing = 0;
		};
/* End PBXFrameworksBuildPhase section */

/* Begin PBXGroup section */
		A15119402C353EE10069DF73 /* gesture */ = {
			isa = PBXGroup;
			children = (
				A15119412C353F250069DF73 /* gestureView.swift */,
				A15119432C3549F30069DF73 /* DraggableView.swift */,
				A15119452C354A120069DF73 /* DraggableState.swift */,
				A15119472C354CCE0069DF73 /* ScalableView.swift */,
			);
			path = gesture;
			sourceTree = "<group>";
		};
		A15119492C354D5D0069DF73 /* bottomSheet */ = {
			isa = PBXGroup;
			children = (
				A151194A2C354E330069DF73 /* BasicBottomSheet.swift */,
				A151194C2C3554A20069DF73 /* RestaurantDetailView.swift */,
			);
			path = bottomSheet;
			sourceTree = "<group>";
		};
		A17B2F762C004E360073A226 /* paintView */ = {
			isa = PBXGroup;
			children = (
				A17B2F772C004E540073A226 /* PaintShapeView.swift */,
			);
			path = paintView;
			sourceTree = "<group>";
		};
		A17B2F792C00918B0073A226 /* animationView */ = {
			isa = PBXGroup;
			children = (
				A17B2F7A2C0091A00073A226 /* AnimationView.swift */,
			);
			path = animationView;
			sourceTree = "<group>";
		};
		A17B2F7C2C0097D10073A226 /* ListView */ = {
			isa = PBXGroup;
			children = (
				A17B2F7D2C0097DF0073A226 /* ListView.swift */,
				A1A4625D2C05A30C00F28E08 /* Restaurant.swift */,
			);
			path = ListView;
			sourceTree = "<group>";
		};
		A1BB6AE12C0B8F910005ED1B /* NavigationView */ = {
			isa = PBXGroup;
			children = (
				A1BB6AE22C0B90910005ED1B /* NavigationView.swift */,
			);
			path = NavigationView;
			sourceTree = "<group>";
		};
		A1BB6AE42C0CCD5D0005ED1B /* ArticleDetailView */ = {
			isa = PBXGroup;
			children = (
				A1BB6AE72C0CCECD0005ED1B /* Article.swift */,
				A1BB6AE52C0CCD730005ED1B /* ArticleDetailView.swift */,
				A1BECA292C1BFF1300EA544E /* contentView.swift */,
				A1BECA2B2C1BFFE100EA544E /* ArticleDetailsView.swift */,
			);
			path = ArticleDetailView;
			sourceTree = "<group>";
		};
		A1BECA2D2C1D198600EA544E /* sheetView */ = {
			isa = PBXGroup;
			children = (
				A1BECA2E2C1DEC3900EA544E /* ArticleDetailViewSheet.swift */,
				A1BECA302C1DEC5400EA544E /* SheetView.swift */,
			);
			path = sheetView;
			sourceTree = "<group>";
		};
		A1BECA322C1DED3900EA544E /* swiftUIform */ = {
			isa = PBXGroup;
			children = (
				A1BECA352C1DEF3F00EA544E /* SettingView.swift */,
				A1BECA372C1DF87500EA544E /* ContentViewFood.swift */,
				A1BECA392C1ED87800EA544E /* SettingStore.swift */,
			);
			path = swiftUIform;
			sourceTree = "<group>";
		};
		A1BECA3D2C2144E700EA544E /* registerForm */ = {
			isa = PBXGroup;
			children = (
				A1BECA3E2C21450500EA544E /* RegisterFormView.swift */,
				A1BECA402C214FBC00EA544E /* UserRegistrationViewModel.swift */,
			);
			path = registerForm;
			sourceTree = "<group>";
		};
		A1BECA422C23E7C000EA544E /* sheetAction */ = {
			isa = PBXGroup;
			children = (
				A1BECA432C23E7F800EA544E /* SheetActionView.swift */,
			);
			path = sheetAction;
			sourceTree = "<group>";
		};
		A1E3F5C52BFB0A4E00528FEA = {
			isa = PBXGroup;
			children = (
				A1E3F5D02BFB0A4F00528FEA /* StudySwiftUI */,
				A1E3F5E12BFB0A5200528FEA /* StudySwiftUITests */,
				A1E3F5EB2BFB0A5200528FEA /* StudySwiftUIUITests */,
				A1E3F5CF2BFB0A4F00528FEA /* Products */,
			);
			sourceTree = "<group>";
		};
		A1E3F5CF2BFB0A4F00528FEA /* Products */ = {
			isa = PBXGroup;
			children = (
				A1E3F5CE2BFB0A4F00528FEA /* StudySwiftUI.app */,
				A1E3F5DE2BFB0A5200528FEA /* StudySwiftUITests.xctest */,
				A1E3F5E82BFB0A5200528FEA /* StudySwiftUIUITests.xctest */,
			);
			name = Products;
			sourceTree = "<group>";
		};
		A1E3F5D02BFB0A4F00528FEA /* StudySwiftUI */ = {
			isa = PBXGroup;
			children = (
				A15119492C354D5D0069DF73 /* bottomSheet */,
				A15119402C353EE10069DF73 /* gesture */,
				A1BECA422C23E7C000EA544E /* sheetAction */,
				A1BECA3D2C2144E700EA544E /* registerForm */,
				A1BECA322C1DED3900EA544E /* swiftUIform */,
				A1BECA2D2C1D198600EA544E /* sheetView */,
				A1BB6AE42C0CCD5D0005ED1B /* ArticleDetailView */,
				A1BB6AE12C0B8F910005ED1B /* NavigationView */,
				A17B2F7C2C0097D10073A226 /* ListView */,
				A17B2F792C00918B0073A226 /* animationView */,
				A17B2F762C004E360073A226 /* paintView */,
				A1E3F6072BFDBAED00528FEA /* swiftuistate */,
				A1E3F6042BFDACF100528FEA /* Buttonview */,
				A1E3F6032BFDACDF00528FEA /* stackView */,
				A1E3F6022BFDACC800528FEA /* TextView */,
				A1E3F6012BFDAC7C00528FEA /* scrollview */,
				A1E3F5D12BFB0A4F00528FEA /* StudySwiftUIApp.swift */,
				A1E3F5D52BFB0A5100528FEA /* Assets.xcassets */,
				A1E3F5D72BFB0A5100528FEA /* Preview Content */,
			);
			path = StudySwiftUI;
			sourceTree = "<group>";
		};
		A1E3F5D72BFB0A5100528FEA /* Preview Content */ = {
			isa = PBXGroup;
			children = (
				A1E3F5D82BFB0A5100528FEA /* Preview Assets.xcassets */,
			);
			path = "Preview Content";
			sourceTree = "<group>";
		};
		A1E3F5E12BFB0A5200528FEA /* StudySwiftUITests */ = {
			isa = PBXGroup;
			children = (
				A1E3F5E22BFB0A5200528FEA /* StudySwiftUITests.swift */,
			);
			path = StudySwiftUITests;
			sourceTree = "<group>";
		};
		A1E3F5EB2BFB0A5200528FEA /* StudySwiftUIUITests */ = {
			isa = PBXGroup;
			children = (
				A1E3F5EC2BFB0A5200528FEA /* StudySwiftUIUITests.swift */,
				A1E3F5EE2BFB0A5200528FEA /* StudySwiftUIUITestsLaunchTests.swift */,
			);
			path = StudySwiftUIUITests;
			sourceTree = "<group>";
		};
		A1E3F6012BFDAC7C00528FEA /* scrollview */ = {
			isa = PBXGroup;
			children = (
				A1E3F5FD2BFD98DA00528FEA /* CardView.swift */,
				A1E3F5FF2BFD9F4400528FEA /* ContentView.swift */,
			);
			path = scrollview;
			sourceTree = "<group>";
		};
		A1E3F6022BFDACC800528FEA /* TextView */ = {
			isa = PBXGroup;
			children = (
				A1E3F5D32BFB0A4F00528FEA /* TextView.swift */,
			);
			path = TextView;
			sourceTree = "<group>";
		};
		A1E3F6032BFDACDF00528FEA /* stackView */ = {
			isa = PBXGroup;
			children = (
				A1E3F5FB2BFC91FE00528FEA /* StackView.swift */,
			);
			path = stackView;
			sourceTree = "<group>";
		};
		A1E3F6042BFDACF100528FEA /* Buttonview */ = {
			isa = PBXGroup;
			children = (
				A1E3F6052BFDAD1000528FEA /* studyButtonView.swift */,
			);
			path = Buttonview;
			sourceTree = "<group>";
		};
		A1E3F6072BFDBAED00528FEA /* swiftuistate */ = {
			isa = PBXGroup;
			children = (
				A1E3F6082BFDBB0D00528FEA /* SwiftUIStateView.swift */,
			);
			path = swiftuistate;
			sourceTree = "<group>";
		};
/* End PBXGroup section */

/* Begin PBXNativeTarget section */
		A1E3F5CD2BFB0A4E00528FEA /* StudySwiftUI */ = {
			isa = PBXNativeTarget;
			buildConfigurationList = A1E3F5F22BFB0A5200528FEA /* Build configuration list for PBXNativeTarget "StudySwiftUI" */;
			buildPhases = (
				A1E3F5CA2BFB0A4E00528FEA /* Sources */,
				A1E3F5CB2BFB0A4E00528FEA /* Frameworks */,
				A1E3F5CC2BFB0A4E00528FEA /* Resources */,
			);
			buildRules = (
			);
			dependencies = (
			);
			name = StudySwiftUI;
			productName = StudySwiftUI;
			productReference = A1E3F5CE2BFB0A4F00528FEA /* StudySwiftUI.app */;
			productType = "com.apple.product-type.application";
		};
		A1E3F5DD2BFB0A5200528FEA /* StudySwiftUITests */ = {
			isa = PBXNativeTarget;
			buildConfigurationList = A1E3F5F52BFB0A5200528FEA /* Build configuration list for PBXNativeTarget "StudySwiftUITests" */;
			buildPhases = (
				A1E3F5DA2BFB0A5200528FEA /* Sources */,
				A1E3F5DB2BFB0A5200528FEA /* Frameworks */,
				A1E3F5DC2BFB0A5200528FEA /* Resources */,
			);
			buildRules = (
			);
			dependencies = (
				A1E3F5E02BFB0A5200528FEA /* PBXTargetDependency */,
			);
			name = StudySwiftUITests;
			productName = StudySwiftUITests;
			productReference = A1E3F5DE2BFB0A5200528FEA /* StudySwiftUITests.xctest */;
			productType = "com.apple.product-type.bundle.unit-test";
		};
		A1E3F5E72BFB0A5200528FEA /* StudySwiftUIUITests */ = {
			isa = PBXNativeTarget;
			buildConfigurationList = A1E3F5F82BFB0A5200528FEA /* Build configuration list for PBXNativeTarget "StudySwiftUIUITests" */;
			buildPhases = (
				A1E3F5E42BFB0A5200528FEA /* Sources */,
				A1E3F5E52BFB0A5200528FEA /* Frameworks */,
				A1E3F5E62BFB0A5200528FEA /* Resources */,
			);
			buildRules = (
			);
			dependencies = (
				A1E3F5EA2BFB0A5200528FEA /* PBXTargetDependency */,
			);
			name = StudySwiftUIUITests;
			productName = StudySwiftUIUITests;
			productReference = A1E3F5E82BFB0A5200528FEA /* StudySwiftUIUITests.xctest */;
			productType = "com.apple.product-type.bundle.ui-testing";
		};
/* End PBXNativeTarget section */

/* Begin PBXProject section */
		A1E3F5C62BFB0A4E00528FEA /* Project object */ = {
			isa = PBXProject;
			attributes = {
				BuildIndependentTargetsInParallel = 1;
				LastSwiftUpdateCheck = 1420;
				LastUpgradeCheck = 1420;
				TargetAttributes = {
					A1E3F5CD2BFB0A4E00528FEA = {
						CreatedOnToolsVersion = 14.2;
					};
					A1E3F5DD2BFB0A5200528FEA = {
						CreatedOnToolsVersion = 14.2;
						TestTargetID = A1E3F5CD2BFB0A4E00528FEA;
					};
					A1E3F5E72BFB0A5200528FEA = {
						CreatedOnToolsVersion = 14.2;
						TestTargetID = A1E3F5CD2BFB0A4E00528FEA;
					};
				};
			};
			buildConfigurationList = A1E3F5C92BFB0A4E00528FEA /* Build configuration list for PBXProject "StudySwiftUI" */;
			compatibilityVersion = "Xcode 14.0";
			developmentRegion = en;
			hasScannedForEncodings = 0;
			knownRegions = (
				en,
				Base,
			);
			mainGroup = A1E3F5C52BFB0A4E00528FEA;
			productRefGroup = A1E3F5CF2BFB0A4F00528FEA /* Products */;
			projectDirPath = "";
			projectRoot = "";
			targets = (
				A1E3F5CD2BFB0A4E00528FEA /* StudySwiftUI */,
				A1E3F5DD2BFB0A5200528FEA /* StudySwiftUITests */,
				A1E3F5E72BFB0A5200528FEA /* StudySwiftUIUITests */,
			);
		};
/* End PBXProject section */

/* Begin PBXResourcesBuildPhase section */
		A1E3F5CC2BFB0A4E00528FEA /* Resources */ = {
			isa = PBXResourcesBuildPhase;
			buildActionMask = 2147483647;
			files = (
				A1E3F5D92BFB0A5100528FEA /* Preview Assets.xcassets in Resources */,
				A1E3F5D62BFB0A5100528FEA /* Assets.xcassets in Resources */,
			);
			runOnlyForDeploymentPostprocessing = 0;
		};
		A1E3F5DC2BFB0A5200528FEA /* Resources */ = {
			isa = PBXResourcesBuildPhase;
			buildActionMask = 2147483647;
			files = (
			);
			runOnlyForDeploymentPostprocessing = 0;
		};
		A1E3F5E62BFB0A5200528FEA /* Resources */ = {
			isa = PBXResourcesBuildPhase;
			buildActionMask = 2147483647;
			files = (
			);
			runOnlyForDeploymentPostprocessing = 0;
		};
/* End PBXResourcesBuildPhase section */

/* Begin PBXSourcesBuildPhase section */
		A1E3F5CA2BFB0A4E00528FEA /* Sources */ = {
			isa = PBXSourcesBuildPhase;
			buildActionMask = 2147483647;
			files = (
				A1BB6AE82C0CCECD0005ED1B /* Article.swift in Sources */,
				A1BECA362C1DEF3F00EA544E /* SettingView.swift in Sources */,
				A1BECA442C23E7F800EA544E /* SheetActionView.swift in Sources */,
				A1BECA412C214FBC00EA544E /* UserRegistrationViewModel.swift in Sources */,
				A1BECA382C1DF87500EA544E /* ContentViewFood.swift in Sources */,
				A15119462C354A120069DF73 /* DraggableState.swift in Sources */,
				A1A4625E2C05A30C00F28E08 /* Restaurant.swift in Sources */,
				A1BB6AE62C0CCD730005ED1B /* ArticleDetailView.swift in Sources */,
				A1BECA3F2C21450500EA544E /* RegisterFormView.swift in Sources */,
				A1E3F5D42BFB0A4F00528FEA /* TextView.swift in Sources */,
				A17B2F782C004E540073A226 /* PaintShapeView.swift in Sources */,
				A17B2F7E2C0097DF0073A226 /* ListView.swift in Sources */,
				A1E3F6092BFDBB0D00528FEA /* SwiftUIStateView.swift in Sources */,
				A1E3F6002BFD9F4400528FEA /* ContentView.swift in Sources */,
				A1BECA2C2C1BFFE100EA544E /* ArticleDetailsView.swift in Sources */,
				A15119482C354CCE0069DF73 /* ScalableView.swift in Sources */,
				A15119442C3549F30069DF73 /* DraggableView.swift in Sources */,
				A1E3F5FE2BFD98DA00528FEA /* CardView.swift in Sources */,
				A1BECA312C1DEC5400EA544E /* SheetView.swift in Sources */,
				A1BECA3A2C1ED87800EA544E /* SettingStore.swift in Sources */,
				A1BECA2F2C1DEC3900EA544E /* ArticleDetailViewSheet.swift in Sources */,
				A1BECA2A2C1BFF1300EA544E /* contentView.swift in Sources */,
				A15119422C353F250069DF73 /* gestureView.swift in Sources */,
				A1E3F5D22BFB0A4F00528FEA /* StudySwiftUIApp.swift in Sources */,
				A17B2F7B2C0091A00073A226 /* AnimationView.swift in Sources */,
				A1E3F6062BFDAD1000528FEA /* studyButtonView.swift in Sources */,
				A151194D2C3554A20069DF73 /* RestaurantDetailView.swift in Sources */,
				A151194B2C354E330069DF73 /* BasicBottomSheet.swift in Sources */,
				A1BB6AE32C0B90910005ED1B /* NavigationView.swift in Sources */,
				A1E3F5FC2BFC91FE00528FEA /* StackView.swift in Sources */,
			);
			runOnlyForDeploymentPostprocessing = 0;
		};
		A1E3F5DA2BFB0A5200528FEA /* Sources */ = {
			isa = PBXSourcesBuildPhase;
			buildActionMask = 2147483647;
			files = (
				A1E3F5E32BFB0A5200528FEA /* StudySwiftUITests.swift in Sources */,
			);
			runOnlyForDeploymentPostprocessing = 0;
		};
		A1E3F5E42BFB0A5200528FEA /* Sources */ = {
			isa = PBXSourcesBuildPhase;
			buildActionMask = 2147483647;
			files = (
				A1E3F5EF2BFB0A5200528FEA /* StudySwiftUIUITestsLaunchTests.swift in Sources */,
				A1E3F5ED2BFB0A5200528FEA /* StudySwiftUIUITests.swift in Sources */,
			);
			runOnlyForDeploymentPostprocessing = 0;
		};
/* End PBXSourcesBuildPhase section */

/* Begin PBXTargetDependency section */
		A1E3F5E02BFB0A5200528FEA /* PBXTargetDependency */ = {
			isa = PBXTargetDependency;
			target = A1E3F5CD2BFB0A4E00528FEA /* StudySwiftUI */;
			targetProxy = A1E3F5DF2BFB0A5200528FEA /* PBXContainerItemProxy */;
		};
		A1E3F5EA2BFB0A5200528FEA /* PBXTargetDependency */ = {
			isa = PBXTargetDependency;
			target = A1E3F5CD2BFB0A4E00528FEA /* StudySwiftUI */;
			targetProxy = A1E3F5E92BFB0A5200528FEA /* PBXContainerItemProxy */;
		};
/* End PBXTargetDependency section */

/* Begin XCBuildConfiguration section */
		A1E3F5F02BFB0A5200528FEA /* Debug */ = {
			isa = XCBuildConfiguration;
			buildSettings = {
				ALWAYS_SEARCH_USER_PATHS = NO;
				CLANG_ANALYZER_NONNULL = YES;
				CLANG_ANALYZER_NUMBER_OBJECT_CONVERSION = YES_AGGRESSIVE;
				CLANG_CXX_LANGUAGE_STANDARD = "gnu++20";
				CLANG_ENABLE_MODULES = YES;
				CLANG_ENABLE_OBJC_ARC = YES;
				CLANG_ENABLE_OBJC_WEAK = YES;
				CLANG_WARN_BLOCK_CAPTURE_AUTORELEASING = YES;
				CLANG_WARN_BOOL_CONVERSION = YES;
				CLANG_WARN_COMMA = YES;
				CLANG_WARN_CONSTANT_CONVERSION = YES;
				CLANG_WARN_DEPRECATED_OBJC_IMPLEMENTATIONS = YES;
				CLANG_WARN_DIRECT_OBJC_ISA_USAGE = YES_ERROR;
				CLANG_WARN_DOCUMENTATION_COMMENTS = YES;
				CLANG_WARN_EMPTY_BODY = YES;
				CLANG_WARN_ENUM_CONVERSION = YES;
				CLANG_WARN_INFINITE_RECURSION = YES;
				CLANG_WARN_INT_CONVERSION = YES;
				CLANG_WARN_NON_LITERAL_NULL_CONVERSION = YES;
				CLANG_WARN_OBJC_IMPLICIT_RETAIN_SELF = YES;
				CLANG_WARN_OBJC_LITERAL_CONVERSION = YES;
				CLANG_WARN_OBJC_ROOT_CLASS = YES_ERROR;
				CLANG_WARN_QUOTED_INCLUDE_IN_FRAMEWORK_HEADER = YES;
				CLANG_WARN_RANGE_LOOP_ANALYSIS = YES;
				CLANG_WARN_STRICT_PROTOTYPES = YES;
				CLANG_WARN_SUSPICIOUS_MOVE = YES;
				CLANG_WARN_UNGUARDED_AVAILABILITY = YES_AGGRESSIVE;
				CLANG_WARN_UNREACHABLE_CODE = YES;
				CLANG_WARN__DUPLICATE_METHOD_MATCH = YES;
				COPY_PHASE_STRIP = NO;
				DEBUG_INFORMATION_FORMAT = dwarf;
				ENABLE_STRICT_OBJC_MSGSEND = YES;
				ENABLE_TESTABILITY = YES;
				GCC_C_LANGUAGE_STANDARD = gnu11;
				GCC_DYNAMIC_NO_PIC = NO;
				GCC_NO_COMMON_BLOCKS = YES;
				GCC_OPTIMIZATION_LEVEL = 0;
				GCC_PREPROCESSOR_DEFINITIONS = (
					"DEBUG=1",
					"$(inherited)",
				);
				GCC_WARN_64_TO_32_BIT_CONVERSION = YES;
				GCC_WARN_ABOUT_RETURN_TYPE = YES_ERROR;
				GCC_WARN_UNDECLARED_SELECTOR = YES;
				GCC_WARN_UNINITIALIZED_AUTOS = YES_AGGRESSIVE;
				GCC_WARN_UNUSED_FUNCTION = YES;
				GCC_WARN_UNUSED_VARIABLE = YES;
				IPHONEOS_DEPLOYMENT_TARGET = 16.2;
				MTL_ENABLE_DEBUG_INFO = INCLUDE_SOURCE;
				MTL_FAST_MATH = YES;
				ONLY_ACTIVE_ARCH = YES;
				SDKROOT = iphoneos;
				SWIFT_ACTIVE_COMPILATION_CONDITIONS = DEBUG;
				SWIFT_OPTIMIZATION_LEVEL = "-Onone";
			};
			name = Debug;
		};
		A1E3F5F12BFB0A5200528FEA /* Release */ = {
			isa = XCBuildConfiguration;
			buildSettings = {
				ALWAYS_SEARCH_USER_PATHS = NO;
				CLANG_ANALYZER_NONNULL = YES;
				CLANG_ANALYZER_NUMBER_OBJECT_CONVERSION = YES_AGGRESSIVE;
				CLANG_CXX_LANGUAGE_STANDARD = "gnu++20";
				CLANG_ENABLE_MODULES = YES;
				CLANG_ENABLE_OBJC_ARC = YES;
				CLANG_ENABLE_OBJC_WEAK = YES;
				CLANG_WARN_BLOCK_CAPTURE_AUTORELEASING = YES;
				CLANG_WARN_BOOL_CONVERSION = YES;
				CLANG_WARN_COMMA = YES;
				CLANG_WARN_CONSTANT_CONVERSION = YES;
				CLANG_WARN_DEPRECATED_OBJC_IMPLEMENTATIONS = YES;
				CLANG_WARN_DIRECT_OBJC_ISA_USAGE = YES_ERROR;
				CLANG_WARN_DOCUMENTATION_COMMENTS = YES;
				CLANG_WARN_EMPTY_BODY = YES;
				CLANG_WARN_ENUM_CONVERSION = YES;
				CLANG_WARN_INFINITE_RECURSION = YES;
				CLANG_WARN_INT_CONVERSION = YES;
				CLANG_WARN_NON_LITERAL_NULL_CONVERSION = YES;
				CLANG_WARN_OBJC_IMPLICIT_RETAIN_SELF = YES;
				CLANG_WARN_OBJC_LITERAL_CONVERSION = YES;
				CLANG_WARN_OBJC_ROOT_CLASS = YES_ERROR;
				CLANG_WARN_QUOTED_INCLUDE_IN_FRAMEWORK_HEADER = YES;
				CLANG_WARN_RANGE_LOOP_ANALYSIS = YES;
				CLANG_WARN_STRICT_PROTOTYPES = YES;
				CLANG_WARN_SUSPICIOUS_MOVE = YES;
				CLANG_WARN_UNGUARDED_AVAILABILITY = YES_AGGRESSIVE;
				CLANG_WARN_UNREACHABLE_CODE = YES;
				CLANG_WARN__DUPLICATE_METHOD_MATCH = YES;
				COPY_PHASE_STRIP = NO;
				DEBUG_INFORMATION_FORMAT = "dwarf-with-dsym";
				ENABLE_NS_ASSERTIONS = NO;
				ENABLE_STRICT_OBJC_MSGSEND = YES;
				GCC_C_LANGUAGE_STANDARD = gnu11;
				GCC_NO_COMMON_BLOCKS = YES;
				GCC_WARN_64_TO_32_BIT_CONVERSION = YES;
				GCC_WARN_ABOUT_RETURN_TYPE = YES_ERROR;
				GCC_WARN_UNDECLARED_SELECTOR = YES;
				GCC_WARN_UNINITIALIZED_AUTOS = YES_AGGRESSIVE;
				GCC_WARN_UNUSED_FUNCTION = YES;
				GCC_WARN_UNUSED_VARIABLE = YES;
				IPHONEOS_DEPLOYMENT_TARGET = 16.2;
				MTL_ENABLE_DEBUG_INFO = NO;
				MTL_FAST_MATH = YES;
				SDKROOT = iphoneos;
				SWIFT_COMPILATION_MODE = wholemodule;
				SWIFT_OPTIMIZATION_LEVEL = "-O";
				VALIDATE_PRODUCT = YES;
			};
			name = Release;
		};
		A1E3F5F32BFB0A5200528FEA /* Debug */ = {
			isa = XCBuildConfiguration;
			buildSettings = {
				ASSETCATALOG_COMPILER_APPICON_NAME = AppIcon;
				ASSETCATALOG_COMPILER_GLOBAL_ACCENT_COLOR_NAME = AccentColor;
				CODE_SIGN_STYLE = Automatic;
				CURRENT_PROJECT_VERSION = 1;
				DEVELOPMENT_ASSET_PATHS = "\"StudySwiftUI/Preview Content\"";
				ENABLE_PREVIEWS = YES;
				GENERATE_INFOPLIST_FILE = YES;
				INFOPLIST_KEY_UIApplicationSceneManifest_Generation = YES;
				INFOPLIST_KEY_UIApplicationSupportsIndirectInputEvents = YES;
				INFOPLIST_KEY_UILaunchScreen_Generation = YES;
				INFOPLIST_KEY_UISupportedInterfaceOrientations_iPad = "UIInterfaceOrientationPortrait UIInterfaceOrientationPortraitUpsideDown UIInterfaceOrientationLandscapeLeft UIInterfaceOrientationLandscapeRight";
				INFOPLIST_KEY_UISupportedInterfaceOrientations_iPhone = "UIInterfaceOrientationPortrait UIInterfaceOrientationLandscapeLeft UIInterfaceOrientationLandscapeRight";
				LD_RUNPATH_SEARCH_PATHS = (
					"$(inherited)",
					"@executable_path/Frameworks",
				);
				MARKETING_VERSION = 1.0;
				PRODUCT_BUNDLE_IDENTIFIER = com.soft.andy.StudySwiftUI;
				PRODUCT_NAME = "$(TARGET_NAME)";
				SWIFT_EMIT_LOC_STRINGS = YES;
				SWIFT_VERSION = 5.0;
				TARGETED_DEVICE_FAMILY = "1,2";
			};
			name = Debug;
		};
		A1E3F5F42BFB0A5200528FEA /* Release */ = {
			isa = XCBuildConfiguration;
			buildSettings = {
				ASSETCATALOG_COMPILER_APPICON_NAME = AppIcon;
				ASSETCATALOG_COMPILER_GLOBAL_ACCENT_COLOR_NAME = AccentColor;
				CODE_SIGN_STYLE = Automatic;
				CURRENT_PROJECT_VERSION = 1;
				DEVELOPMENT_ASSET_PATHS = "\"StudySwiftUI/Preview Content\"";
				ENABLE_PREVIEWS = YES;
				GENERATE_INFOPLIST_FILE = YES;
				INFOPLIST_KEY_UIApplicationSceneManifest_Generation = YES;
				INFOPLIST_KEY_UIApplicationSupportsIndirectInputEvents = YES;
				INFOPLIST_KEY_UILaunchScreen_Generation = YES;
				INFOPLIST_KEY_UISupportedInterfaceOrientations_iPad = "UIInterfaceOrientationPortrait UIInterfaceOrientationPortraitUpsideDown UIInterfaceOrientationLandscapeLeft UIInterfaceOrientationLandscapeRight";
				INFOPLIST_KEY_UISupportedInterfaceOrientations_iPhone = "UIInterfaceOrientationPortrait UIInterfaceOrientationLandscapeLeft UIInterfaceOrientationLandscapeRight";
				LD_RUNPATH_SEARCH_PATHS = (
					"$(inherited)",
					"@executable_path/Frameworks",
				);
				MARKETING_VERSION = 1.0;
				PRODUCT_BUNDLE_IDENTIFIER = com.soft.andy.StudySwiftUI;
				PRODUCT_NAME = "$(TARGET_NAME)";
				SWIFT_EMIT_LOC_STRINGS = YES;
				SWIFT_VERSION = 5.0;
				TARGETED_DEVICE_FAMILY = "1,2";
			};
			name = Release;
		};
		A1E3F5F62BFB0A5200528FEA /* Debug */ = {
			isa = XCBuildConfiguration;
			buildSettings = {
				ALWAYS_EMBED_SWIFT_STANDARD_LIBRARIES = YES;
				BUNDLE_LOADER = "$(TEST_HOST)";
				CODE_SIGN_STYLE = Automatic;
				CURRENT_PROJECT_VERSION = 1;
				GENERATE_INFOPLIST_FILE = YES;
				IPHONEOS_DEPLOYMENT_TARGET = 16.2;
				MARKETING_VERSION = 1.0;
				PRODUCT_BUNDLE_IDENTIFIER = com.soft.andy.StudySwiftUITests;
				PRODUCT_NAME = "$(TARGET_NAME)";
				SWIFT_EMIT_LOC_STRINGS = NO;
				SWIFT_VERSION = 5.0;
				TARGETED_DEVICE_FAMILY = "1,2";
				TEST_HOST = "$(BUILT_PRODUCTS_DIR)/StudySwiftUI.app/$(BUNDLE_EXECUTABLE_FOLDER_PATH)/StudySwiftUI";
			};
			name = Debug;
		};
		A1E3F5F72BFB0A5200528FEA /* Release */ = {
			isa = XCBuildConfiguration;
			buildSettings = {
				ALWAYS_EMBED_SWIFT_STANDARD_LIBRARIES = YES;
				BUNDLE_LOADER = "$(TEST_HOST)";
				CODE_SIGN_STYLE = Automatic;
				CURRENT_PROJECT_VERSION = 1;
				GENERATE_INFOPLIST_FILE = YES;
				IPHONEOS_DEPLOYMENT_TARGET = 16.2;
				MARKETING_VERSION = 1.0;
				PRODUCT_BUNDLE_IDENTIFIER = com.soft.andy.StudySwiftUITests;
				PRODUCT_NAME = "$(TARGET_NAME)";
				SWIFT_EMIT_LOC_STRINGS = NO;
				SWIFT_VERSION = 5.0;
				TARGETED_DEVICE_FAMILY = "1,2";
				TEST_HOST = "$(BUILT_PRODUCTS_DIR)/StudySwiftUI.app/$(BUNDLE_EXECUTABLE_FOLDER_PATH)/StudySwiftUI";
			};
			name = Release;
		};
		A1E3F5F92BFB0A5200528FEA /* Debug */ = {
			isa = XCBuildConfiguration;
			buildSettings = {
				ALWAYS_EMBED_SWIFT_STANDARD_LIBRARIES = YES;
				CODE_SIGN_STYLE = Automatic;
				CURRENT_PROJECT_VERSION = 1;
				GENERATE_INFOPLIST_FILE = YES;
				MARKETING_VERSION = 1.0;
				PRODUCT_BUNDLE_IDENTIFIER = com.soft.andy.StudySwiftUIUITests;
				PRODUCT_NAME = "$(TARGET_NAME)";
				SWIFT_EMIT_LOC_STRINGS = NO;
				SWIFT_VERSION = 5.0;
				TARGETED_DEVICE_FAMILY = "1,2";
				TEST_TARGET_NAME = StudySwiftUI;
			};
			name = Debug;
		};
		A1E3F5FA2BFB0A5200528FEA /* Release */ = {
			isa = XCBuildConfiguration;
			buildSettings = {
				ALWAYS_EMBED_SWIFT_STANDARD_LIBRARIES = YES;
				CODE_SIGN_STYLE = Automatic;
				CURRENT_PROJECT_VERSION = 1;
				GENERATE_INFOPLIST_FILE = YES;
				MARKETING_VERSION = 1.0;
				PRODUCT_BUNDLE_IDENTIFIER = com.soft.andy.StudySwiftUIUITests;
				PRODUCT_NAME = "$(TARGET_NAME)";
				SWIFT_EMIT_LOC_STRINGS = NO;
				SWIFT_VERSION = 5.0;
				TARGETED_DEVICE_FAMILY = "1,2";
				TEST_TARGET_NAME = StudySwiftUI;
			};
			name = Release;
		};
/* End XCBuildConfiguration section */

/* Begin XCConfigurationList section */
		A1E3F5C92BFB0A4E00528FEA /* Build configuration list for PBXProject "StudySwiftUI" */ = {
			isa = XCConfigurationList;
			buildConfigurations = (
				A1E3F5F02BFB0A5200528FEA /* Debug */,
				A1E3F5F12BFB0A5200528FEA /* Release */,
			);
			defaultConfigurationIsVisible = 0;
			defaultConfigurationName = Release;
		};
		A1E3F5F22BFB0A5200528FEA /* Build configuration list for PBXNativeTarget "StudySwiftUI" */ = {
			isa = XCConfigurationList;
			buildConfigurations = (
				A1E3F5F32BFB0A5200528FEA /* Debug */,
				A1E3F5F42BFB0A5200528FEA /* Release */,
			);
			defaultConfigurationIsVisible = 0;
			defaultConfigurationName = Release;
		};
		A1E3F5F52BFB0A5200528FEA /* Build configuration list for PBXNativeTarget "StudySwiftUITests" */ = {
			isa = XCConfigurationList;
			buildConfigurations = (
				A1E3F5F62BFB0A5200528FEA /* Debug */,
				A1E3F5F72BFB0A5200528FEA /* Release */,
			);
			defaultConfigurationIsVisible = 0;
			defaultConfigurationName = Release;
		};
		A1E3F5F82BFB0A5200528FEA /* Build configuration list for PBXNativeTarget "StudySwiftUIUITests" */ = {
			isa = XCConfigurationList;
			buildConfigurations = (
				A1E3F5F92BFB0A5200528FEA /* Debug */,
				A1E3F5FA2BFB0A5200528FEA /* Release */,
			);
			defaultConfigurationIsVisible = 0;
			defaultConfigurationName = Release;
		};
/* End XCConfigurationList section */
	};
	rootObject = A1E3F5C62BFB0A4E00528FEA /* Project object */;
}
